{
  "requires": true,
  "lockfileVersion": 1,
  "dependencies": {
    "class-transformer": {
      "version": "0.5.1",
      "resolved": "https://repo.huaweicloud.com/repository/npm/class-transformer/-/class-transformer-0.5.1.tgz",
      "integrity": "sha512-SQa1Ws6hUbfC98vKGxZH3KFY0Y1lm5Zm0SY8XX9zbK7FJCyVEac3ATW0RIpwzW+oOfmHE5PMPufDG9hCfoEOMw=="
    },
    "reflect-metadata": {
      "version": "0.1.13",
      "resolved": "https://repo.huaweicloud.com/repository/npm/reflect-metadata/-/reflect-metadata-0.1.13.tgz",
      "integrity": "sha512-Ts1Y/anZELhSsjMcU605fU9RE4Oi3p5ORujwbIKXfWa+0Zxs510Qrmrce5/Jowq3cHSZSJqBjypxmHarc+vEWg=="
    }
  }
}
